
Microsoft Visual Studio Solution File, Format Version 12.00
# Visual Studio Version 16
VisualStudioVersion = 16.0.30406.217
MinimumVisualStudioVersion = 10.0.40219.1
Project("{FAE04EC0-301F-11D3-BF4B-00C04F79EFBC}") = "SimpleInheritance", "SimpleInheritance\SimpleInheritance.csproj", "{700EC13A-43B6-4021-BA9F-E963FD930BAB}"
EndProject
Project("{FAE04EC0-301F-11D3-BF4B-00C04F79EFBC}") = "Drawing_Application", "Drawing_Application\Drawing_Application.csproj", "{655F70EE-AF2E-448D-8D53-9643104C367E}"
EndProject
Project("{FAE04EC0-301F-11D3-BF4B-00C04F79EFBC}") = "AbstractClassDemo", "AbstractClassDemo\AbstractClassDemo.csproj", "{BA1F290F-4694-4216-93D9-6D92D9D17408}"
EndProject
Global
	GlobalSection(SolutionConfigurationPlatforms) = preSolution
		Debug|Any CPU = Debug|Any CPU
		Release|Any CPU = Release|Any CPU
	EndGlobalSection
	GlobalSection(ProjectConfigurationPlatforms) = postSolution
		{700EC13A-43B6-4021-BA9F-E963FD930BAB}.Debug|Any CPU.ActiveCfg = Debug|Any CPU
		{700EC13A-43B6-4021-BA9F-E963FD930BAB}.Debug|Any CPU.Build.0 = Debug|Any CPU
		{700EC13A-43B6-4021-BA9F-E963FD930BAB}.Release|Any CPU.ActiveCfg = Release|Any CPU
		{700EC13A-43B6-4021-BA9F-E963FD930BAB}.Release|Any CPU.Build.0 = Release|Any CPU
		{655F70EE-AF2E-448D-8D53-9643104C367E}.Debug|Any CPU.ActiveCfg = Debug|Any CPU
		{655F70EE-AF2E-448D-8D53-9643104C367E}.Debug|Any CPU.Build.0 = Debug|Any CPU
		{655F70EE-AF2E-448D-8D53-9643104C367E}.Release|Any CPU.ActiveCfg = Release|Any CPU
		{655F70EE-AF2E-448D-8D53-9643104C367E}.Release|Any CPU.Build.0 = Release|Any CPU
		{BA1F290F-4694-4216-93D9-6D92D9D17408}.Debug|Any CPU.ActiveCfg = Debug|Any CPU
		{BA1F290F-4694-4216-93D9-6D92D9D17408}.Debug|Any CPU.Build.0 = Debug|Any CPU
		{BA1F290F-4694-4216-93D9-6D92D9D17408}.Release|Any CPU.ActiveCfg = Release|Any CPU
		{BA1F290F-4694-4216-93D9-6D92D9D17408}.Release|Any CPU.Build.0 = Release|Any CPU
	EndGlobalSection
	GlobalSection(SolutionProperties) = preSolution
		HideSolutionNode = FALSE
	EndGlobalSection
	GlobalSection(ExtensibilityGlobals) = postSolution
		SolutionGuid = {247BD83F-0856-42FB-A9C5-1E2C32B67030}
	EndGlobalSection
EndGlobal
